
Microsoft Visual Studio Solution File, Format Version 12.00
# Visual Studio Version 17
VisualStudioVersion = 17.8.34330.188
MinimumVisualStudioVersion = 10.0.40219.1
Project("{9A19103F-16F7-4668-BE54-9A1E7A4F7556}") = "Test", "Intro1\Test.csproj", "{9665673C-C854-4F18-8538-CE85CE1309DB}"
EndProject
Global
	GlobalSection(SolutionConfigurationPlatforms) = preSolution
		Debug|Any CPU = Debug|Any CPU
		Release|Any CPU = Release|Any CPU
	EndGlobalSection
	GlobalSection(ProjectConfigurationPlatforms) = postSolution
		{9665673C-C854-4F18-8538-CE85CE1309DB}.Debug|Any CPU.ActiveCfg = Debug|Any CPU
		{9665673C-C854-4F18-8538-CE85CE1309DB}.Debug|Any CPU.Build.0 = Debug|Any CPU
		{9665673C-C854-4F18-8538-CE85CE1309DB}.Release|Any CPU.ActiveCfg = Release|Any CPU
		{9665673C-C854-4F18-8538-CE85CE1309DB}.Release|Any CPU.Build.0 = Release|Any CPU
	EndGlobalSection
	GlobalSection(SolutionProperties) = preSolution
		HideSolutionNode = FALSE
	EndGlobalSection
	GlobalSection(ExtensibilityGlobals) = postSolution
		SolutionGuid = {66BC06BD-1611-44CD-97C3-5830EB75CD55}
	EndGlobalSection
EndGlobal
